// !$*UTF8*$!
{
	archiveVersion = 1;
	classes = {
	};
	objectVersion = 45;
	objects = {

/* Begin PBXBuildFile section */
		1DDD58160DA1D0A300B32029 /* MainMenu.xib in Resources */ = {isa = PBXBuildFile; fileRef = 1DDD58140DA1D0A300B32029 /* MainMenu.xib */; };
		256AC3DA0F4B6AC300CF3369 /* MAL_Updater_OS_XAppDelegate.m in Sources */ = {isa = PBXBuildFile; fileRef = 256AC3D90F4B6AC300CF3369 /* MAL_Updater_OS_XAppDelegate.m */; };
		3A4C61B1120DF2BB0032F63A /* ASIFormDataRequest.m in Sources */ = {isa = PBXBuildFile; fileRef = 3A4C61A5120DF2BB0032F63A /* ASIFormDataRequest.m */; };
		3A4C61B2120DF2BB0032F63A /* ASIHTTPRequest.m in Sources */ = {isa = PBXBuildFile; fileRef = 3A4C61A7120DF2BB0032F63A /* ASIHTTPRequest.m */; };
		3A4C61B3120DF2BB0032F63A /* ASIInputStream.m in Sources */ = {isa = PBXBuildFile; fileRef = 3A4C61AB120DF2BB0032F63A /* ASIInputStream.m */; };
		3A4C61B4120DF2BB0032F63A /* ASINetworkQueue.m in Sources */ = {isa = PBXBuildFile; fileRef = 3A4C61AD120DF2BB0032F63A /* ASINetworkQueue.m */; };
		3A4C61B5120DF2BB0032F63A /* ASINSStringAdditions.m in Sources */ = {isa = PBXBuildFile; fileRef = 3A4C61AF120DF2BB0032F63A /* ASINSStringAdditions.m */; };
		3A4C61C5120DF36E0032F63A /* SystemConfiguration.framework in Frameworks */ = {isa = PBXBuildFile; fileRef = 3A4C61C4120DF36E0032F63A /* SystemConfiguration.framework */; };
		3A4C61C9120DF37D0032F63A /* CoreServices.framework in Frameworks */ = {isa = PBXBuildFile; fileRef = 3A4C61C8120DF37D0032F63A /* CoreServices.framework */; };
		3A4C61CE120DF3BE0032F63A /* libz.1.2.3.dylib in Frameworks */ = {isa = PBXBuildFile; fileRef = 3A4C61CD120DF3BE0032F63A /* libz.1.2.3.dylib */; };
		3A4C61D4120DF3ED0032F63A /* OgreKit.framework in CopyFiles */ = {isa = PBXBuildFile; fileRef = 3A4C61D3120DF3ED0032F63A /* OgreKit.framework */; };
		3A6AB311120F292500D51D2C /* PreferenceController.m in Sources */ = {isa = PBXBuildFile; fileRef = 3A6AB310120F292500D51D2C /* PreferenceController.m */; };
		3A6AB333120F2A3300D51D2C /* Preferences.xib in Resources */ = {isa = PBXBuildFile; fileRef = 3A6AB332120F2A3300D51D2C /* Preferences.xib */; };
		3A6AB37F120F313E00D51D2C /* Base64Category.m in Sources */ = {isa = PBXBuildFile; fileRef = 3A6AB37E120F313E00D51D2C /* Base64Category.m */; };
		3A6AB38C120F327C00D51D2C /* base64.c in Sources */ = {isa = PBXBuildFile; fileRef = 3A6AB38B120F327C00D51D2C /* base64.c */; };
		3A6AB40E120F350400D51D2C /* Sparkle.framework in Frameworks */ = {isa = PBXBuildFile; fileRef = 3A6AB40D120F350400D51D2C /* Sparkle.framework */; };
		3A6AB410120F351000D51D2C /* BGHUDAppKit.framework in Frameworks */ = {isa = PBXBuildFile; fileRef = 3A6AB40F120F351000D51D2C /* BGHUDAppKit.framework */; };
		3A6AB415120F351B00D51D2C /* Sparkle.framework in CopyFiles */ = {isa = PBXBuildFile; fileRef = 3A6AB40D120F350400D51D2C /* Sparkle.framework */; };
		3A6AB418120F352200D51D2C /* BGHUDAppKit.framework in CopyFiles */ = {isa = PBXBuildFile; fileRef = 3A6AB40F120F351000D51D2C /* BGHUDAppKit.framework */; };
		3A6AB587120F402A00D51D2C /* OgreKit.framework in Frameworks */ = {isa = PBXBuildFile; fileRef = 3A4C61D3120DF3ED0032F63A /* OgreKit.framework */; };
		3AFEF129120DF8CE0098B59D /* MyAnimeList.m in Sources */ = {isa = PBXBuildFile; fileRef = 3AFEF128120DF8CE0098B59D /* MyAnimeList.m */; };
		8D11072B0486CEB800E47090 /* InfoPlist.strings in Resources */ = {isa = PBXBuildFile; fileRef = 089C165CFE840E0CC02AAC07 /* InfoPlist.strings */; };
		8D11072D0486CEB800E47090 /* main.m in Sources */ = {isa = PBXBuildFile; fileRef = 29B97316FDCFA39411CA2CEA /* main.m */; settings = {ATTRIBUTES = (); }; };
		8D11072F0486CEB800E47090 /* Cocoa.framework in Frameworks */ = {isa = PBXBuildFile; fileRef = 1058C7A1FEA54F0111CA2CBB /* Cocoa.framework */; };
/* End PBXBuildFile section */

/* Begin PBXCopyFilesBuildPhase section */
		3A4C6253120DF5580032F63A /* CopyFiles */ = {
			isa = PBXCopyFilesBuildPhase;
			buildActionMask = 2147483647;
			dstPath = "";
			dstSubfolderSpec = 10;
			files = (
				3A6AB418120F352200D51D2C /* BGHUDAppKit.framework in CopyFiles */,
				3A6AB415120F351B00D51D2C /* Sparkle.framework in CopyFiles */,
				3A4C61D4120DF3ED0032F63A /* OgreKit.framework in CopyFiles */,
			);
			runOnlyForDeploymentPostprocessing = 0;
		};
/* End PBXCopyFilesBuildPhase section */

/* Begin PBXFileReference section */
		089C165DFE840E0CC02AAC07 /* English */ = {isa = PBXFileReference; fileEncoding = 4; lastKnownFileType = text.plist.strings; name = English; path = English.lproj/InfoPlist.strings; sourceTree = "<group>"; };
		1058C7A1FEA54F0111CA2CBB /* Cocoa.framework */ = {isa = PBXFileReference; lastKnownFileType = wrapper.framework; name = Cocoa.framework; path = /System/Library/Frameworks/Cocoa.framework; sourceTree = "<absolute>"; };
		13E42FB307B3F0F600E4EEF1 /* CoreData.framework */ = {isa = PBXFileReference; lastKnownFileType = wrapper.framework; name = CoreData.framework; path = /System/Library/Frameworks/CoreData.framework; sourceTree = "<absolute>"; };
		1DDD58150DA1D0A300B32029 /* English */ = {isa = PBXFileReference; lastKnownFileType = file.xib; name = English; path = English.lproj/MainMenu.xib; sourceTree = "<group>"; };
		256AC3D80F4B6AC300CF3369 /* MAL_Updater_OS_XAppDelegate.h */ = {isa = PBXFileReference; fileEncoding = 4; lastKnownFileType = sourcecode.c.h; path = MAL_Updater_OS_XAppDelegate.h; sourceTree = "<group>"; };
		256AC3D90F4B6AC300CF3369 /* MAL_Updater_OS_XAppDelegate.m */ = {isa = PBXFileReference; fileEncoding = 4; lastKnownFileType = sourcecode.c.objc; path = MAL_Updater_OS_XAppDelegate.m; sourceTree = "<group>"; };
		256AC3F00F4B6AF500CF3369 /* MAL_Updater_OS_X_Prefix.pch */ = {isa = PBXFileReference; fileEncoding = 4; lastKnownFileType = sourcecode.c.h; path = MAL_Updater_OS_X_Prefix.pch; sourceTree = "<group>"; };
		29B97316FDCFA39411CA2CEA /* main.m */ = {isa = PBXFileReference; fileEncoding = 4; lastKnownFileType = sourcecode.c.objc; path = main.m; sourceTree = "<group>"; };
		29B97324FDCFA39411CA2CEA /* AppKit.framework */ = {isa = PBXFileReference; lastKnownFileType = wrapper.framework; name = AppKit.framework; path = /System/Library/Frameworks/AppKit.framework; sourceTree = "<absolute>"; };
		29B97325FDCFA39411CA2CEA /* Foundation.framework */ = {isa = PBXFileReference; lastKnownFileType = wrapper.framework; name = Foundation.framework; path = /System/Library/Frameworks/Foundation.framework; sourceTree = "<absolute>"; };
		3A4C61A3120DF2BA0032F63A /* ASICacheDelegate.h */ = {isa = PBXFileReference; fileEncoding = 4; lastKnownFileType = sourcecode.c.h; path = ASICacheDelegate.h; sourceTree = "<group>"; };
		3A4C61A4120DF2BA0032F63A /* ASIFormDataRequest.h */ = {isa = PBXFileReference; fileEncoding = 4; lastKnownFileType = sourcecode.c.h; path = ASIFormDataRequest.h; sourceTree = "<group>"; };
		3A4C61A5120DF2BB0032F63A /* ASIFormDataRequest.m */ = {isa = PBXFileReference; fileEncoding = 4; lastKnownFileType = sourcecode.c.objc; path = ASIFormDataRequest.m; sourceTree = "<group>"; };
		3A4C61A6120DF2BB0032F63A /* ASIHTTPRequest.h */ = {isa = PBXFileReference; fileEncoding = 4; lastKnownFileType = sourcecode.c.h; path = ASIHTTPRequest.h; sourceTree = "<group>"; };
		3A4C61A7120DF2BB0032F63A /* ASIHTTPRequest.m */ = {isa = PBXFileReference; fileEncoding = 4; lastKnownFileType = sourcecode.c.objc; path = ASIHTTPRequest.m; sourceTree = "<group>"; };
		3A4C61A8120DF2BB0032F63A /* ASIHTTPRequestConfig.h */ = {isa = PBXFileReference; fileEncoding = 4; lastKnownFileType = sourcecode.c.h; path = ASIHTTPRequestConfig.h; sourceTree = "<group>"; };
		3A4C61A9120DF2BB0032F63A /* ASIHTTPRequestDelegate.h */ = {isa = PBXFileReference; fileEncoding = 4; lastKnownFileType = sourcecode.c.h; path = ASIHTTPRequestDelegate.h; sourceTree = "<group>"; };
		3A4C61AA120DF2BB0032F63A /* ASIInputStream.h */ = {isa = PBXFileReference; fileEncoding = 4; lastKnownFileType = sourcecode.c.h; path = ASIInputStream.h; sourceTree = "<group>"; };
		3A4C61AB120DF2BB0032F63A /* ASIInputStream.m */ = {isa = PBXFileReference; fileEncoding = 4; lastKnownFileType = sourcecode.c.objc; path = ASIInputStream.m; sourceTree = "<group>"; };
		3A4C61AC120DF2BB0032F63A /* ASINetworkQueue.h */ = {isa = PBXFileReference; fileEncoding = 4; lastKnownFileType = sourcecode.c.h; path = ASINetworkQueue.h; sourceTree = "<group>"; };
		3A4C61AD120DF2BB0032F63A /* ASINetworkQueue.m */ = {isa = PBXFileReference; fileEncoding = 4; lastKnownFileType = sourcecode.c.objc; path = ASINetworkQueue.m; sourceTree = "<group>"; };
		3A4C61AE120DF2BB0032F63A /* ASINSStringAdditions.h */ = {isa = PBXFileReference; fileEncoding = 4; lastKnownFileType = sourcecode.c.h; path = ASINSStringAdditions.h; sourceTree = "<group>"; };
		3A4C61AF120DF2BB0032F63A /* ASINSStringAdditions.m */ = {isa = PBXFileReference; fileEncoding = 4; lastKnownFileType = sourcecode.c.objc; path = ASINSStringAdditions.m; sourceTree = "<group>"; };
		3A4C61B0120DF2BB0032F63A /* ASIProgressDelegate.h */ = {isa = PBXFileReference; fileEncoding = 4; lastKnownFileType = sourcecode.c.h; path = ASIProgressDelegate.h; sourceTree = "<group>"; };
		3A4C61C4120DF36E0032F63A /* SystemConfiguration.framework */ = {isa = PBXFileReference; lastKnownFileType = wrapper.framework; name = SystemConfiguration.framework; path = System/Library/Frameworks/SystemConfiguration.framework; sourceTree = SDKROOT; };
		3A4C61C8120DF37D0032F63A /* CoreServices.framework */ = {isa = PBXFileReference; lastKnownFileType = wrapper.framework; name = CoreServices.framework; path = System/Library/Frameworks/CoreServices.framework; sourceTree = SDKROOT; };
		3A4C61CD120DF3BE0032F63A /* libz.1.2.3.dylib */ = {isa = PBXFileReference; lastKnownFileType = "compiled.mach-o.dylib"; name = libz.1.2.3.dylib; path = usr/lib/libz.1.2.3.dylib; sourceTree = SDKROOT; };
		3A4C61D3120DF3ED0032F63A /* OgreKit.framework */ = {isa = PBXFileReference; lastKnownFileType = wrapper.framework; name = OgreKit.framework; path = /Users/Shared/tohnominagi/InstalledProducts/OgreKit.framework; sourceTree = "<absolute>"; };
		3A6AB30F120F292500D51D2C /* PreferenceController.h */ = {isa = PBXFileReference; fileEncoding = 4; lastKnownFileType = sourcecode.c.h; path = PreferenceController.h; sourceTree = "<group>"; };
		3A6AB310120F292500D51D2C /* PreferenceController.m */ = {isa = PBXFileReference; fileEncoding = 4; lastKnownFileType = sourcecode.c.objc; path = PreferenceController.m; sourceTree = "<group>"; };
		3A6AB332120F2A3300D51D2C /* Preferences.xib */ = {isa = PBXFileReference; lastKnownFileType = file.xib; path = Preferences.xib; sourceTree = "<group>"; };
		3A6AB37D120F313E00D51D2C /* Base64Category.h */ = {isa = PBXFileReference; fileEncoding = 4; lastKnownFileType = sourcecode.c.h; path = Base64Category.h; sourceTree = "<group>"; };
		3A6AB37E120F313E00D51D2C /* Base64Category.m */ = {isa = PBXFileReference; fileEncoding = 4; lastKnownFileType = sourcecode.c.objc; path = Base64Category.m; sourceTree = "<group>"; };
		3A6AB38A120F327C00D51D2C /* base64.h */ = {isa = PBXFileReference; fileEncoding = 4; lastKnownFileType = sourcecode.c.h; path = base64.h; sourceTree = "<group>"; };
		3A6AB38B120F327C00D51D2C /* base64.c */ = {isa = PBXFileReference; fileEncoding = 4; lastKnownFileType = sourcecode.c.c; path = base64.c; sourceTree = "<group>"; };
		3A6AB40D120F350400D51D2C /* Sparkle.framework */ = {isa = PBXFileReference; lastKnownFileType = wrapper.framework; name = Sparkle.framework; path = /Users/Shared/tohnominagi/InstalledProducts/Sparkle.framework; sourceTree = "<absolute>"; };
		3A6AB40F120F351000D51D2C /* BGHUDAppKit.framework */ = {isa = PBXFileReference; lastKnownFileType = wrapper.framework; name = BGHUDAppKit.framework; path = /Users/Shared/tohnominagi/InstalledProducts/BGHUDAppKit.framework; sourceTree = "<absolute>"; };
		3AFEF127120DF8CE0098B59D /* MyAnimeList.h */ = {isa = PBXFileReference; fileEncoding = 4; lastKnownFileType = sourcecode.c.h; path = MyAnimeList.h; sourceTree = "<group>"; };
		3AFEF128120DF8CE0098B59D /* MyAnimeList.m */ = {isa = PBXFileReference; fileEncoding = 4; lastKnownFileType = sourcecode.c.objc; path = MyAnimeList.m; sourceTree = "<group>"; };
		8D1107310486CEB800E47090 /* MAL_Updater_OS_X-Info.plist */ = {isa = PBXFileReference; fileEncoding = 4; lastKnownFileType = text.plist.xml; path = "MAL_Updater_OS_X-Info.plist"; sourceTree = "<group>"; };
		8D1107320486CEB800E47090 /* MAL Updater OS X.app */ = {isa = PBXFileReference; explicitFileType = wrapper.application; includeInIndex = 0; path = "MAL Updater OS X.app"; sourceTree = BUILT_PRODUCTS_DIR; };
/* End PBXFileReference section */

/* Begin PBXFrameworksBuildPhase section */
		8D11072E0486CEB800E47090 /* Frameworks */ = {
			isa = PBXFrameworksBuildPhase;
			buildActionMask = 2147483647;
			files = (
				3A6AB587120F402A00D51D2C /* OgreKit.framework in Frameworks */,
				8D11072F0486CEB800E47090 /* Cocoa.framework in Frameworks */,
				3A4C61C5120DF36E0032F63A /* SystemConfiguration.framework in Frameworks */,
				3A4C61C9120DF37D0032F63A /* CoreServices.framework in Frameworks */,
				3A4C61CE120DF3BE0032F63A /* libz.1.2.3.dylib in Frameworks */,
				3A6AB40E120F350400D51D2C /* Sparkle.framework in Frameworks */,
				3A6AB410120F351000D51D2C /* BGHUDAppKit.framework in Frameworks */,
			);
			runOnlyForDeploymentPostprocessing = 0;
		};
/* End PBXFrameworksBuildPhase section */

/* Begin PBXGroup section */
		080E96DDFE201D6D7F000001 /* Classes */ = {
			isa = PBXGroup;
			children = (
				256AC3D80F4B6AC300CF3369 /* MAL_Updater_OS_XAppDelegate.h */,
				256AC3D90F4B6AC300CF3369 /* MAL_Updater_OS_XAppDelegate.m */,
			);
			name = Classes;
			sourceTree = "<group>";
		};
		1058C7A0FEA54F0111CA2CBB /* Linked Frameworks */ = {
			isa = PBXGroup;
			children = (
				1058C7A1FEA54F0111CA2CBB /* Cocoa.framework */,
			);
			name = "Linked Frameworks";
			sourceTree = "<group>";
		};
		1058C7A2FEA54F0111CA2CBB /* Other Frameworks */ = {
			isa = PBXGroup;
			children = (
				29B97324FDCFA39411CA2CEA /* AppKit.framework */,
				13E42FB307B3F0F600E4EEF1 /* CoreData.framework */,
				29B97325FDCFA39411CA2CEA /* Foundation.framework */,
				3A4C61A3120DF2BA0032F63A /* ASICacheDelegate.h */,
				3A4C61A4120DF2BA0032F63A /* ASIFormDataRequest.h */,
				3A4C61A5120DF2BB0032F63A /* ASIFormDataRequest.m */,
				3A4C61A6120DF2BB0032F63A /* ASIHTTPRequest.h */,
				3A4C61A7120DF2BB0032F63A /* ASIHTTPRequest.m */,
				3A4C61A8120DF2BB0032F63A /* ASIHTTPRequestConfig.h */,
				3A4C61A9120DF2BB0032F63A /* ASIHTTPRequestDelegate.h */,
				3A4C61AA120DF2BB0032F63A /* ASIInputStream.h */,
				3A4C61AB120DF2BB0032F63A /* ASIInputStream.m */,
				3A4C61AC120DF2BB0032F63A /* ASINetworkQueue.h */,
				3A4C61AD120DF2BB0032F63A /* ASINetworkQueue.m */,
				3A4C61AE120DF2BB0032F63A /* ASINSStringAdditions.h */,
				3A4C61AF120DF2BB0032F63A /* ASINSStringAdditions.m */,
				3A4C61B0120DF2BB0032F63A /* ASIProgressDelegate.h */,
			);
			name = "Other Frameworks";
			sourceTree = "<group>";
		};
		19C28FACFE9D520D11CA2CBB /* Products */ = {
			isa = PBXGroup;
			children = (
				8D1107320486CEB800E47090 /* MAL Updater OS X.app */,
			);
			name = Products;
			sourceTree = "<group>";
		};
		29B97314FDCFA39411CA2CEA /* MAL Updater OS X */ = {
			isa = PBXGroup;
			children = (
				3A6AB37D120F313E00D51D2C /* Base64Category.h */,
				3A6AB37E120F313E00D51D2C /* Base64Category.m */,
				3A6AB38A120F327C00D51D2C /* base64.h */,
				3A6AB38B120F327C00D51D2C /* base64.c */,
				3A6AB332120F2A3300D51D2C /* Preferences.xib */,
				3A6AB30F120F292500D51D2C /* PreferenceController.h */,
				3A6AB310120F292500D51D2C /* PreferenceController.m */,
				080E96DDFE201D6D7F000001 /* Classes */,
				29B97315FDCFA39411CA2CEA /* Other Sources */,
				29B97317FDCFA39411CA2CEA /* Resources */,
				29B97323FDCFA39411CA2CEA /* Frameworks */,
				19C28FACFE9D520D11CA2CBB /* Products */,
				3A4C61C4120DF36E0032F63A /* SystemConfiguration.framework */,
				3A4C61C8120DF37D0032F63A /* CoreServices.framework */,
				3A4C61CD120DF3BE0032F63A /* libz.1.2.3.dylib */,
				3A4C61D3120DF3ED0032F63A /* OgreKit.framework */,
				3AFEF127120DF8CE0098B59D /* MyAnimeList.h */,
				3AFEF128120DF8CE0098B59D /* MyAnimeList.m */,
				3A6AB40D120F350400D51D2C /* Sparkle.framework */,
				3A6AB40F120F351000D51D2C /* BGHUDAppKit.framework */,
			);
			name = "MAL Updater OS X";
			sourceTree = "<group>";
		};
		29B97315FDCFA39411CA2CEA /* Other Sources */ = {
			isa = PBXGroup;
			children = (
				256AC3F00F4B6AF500CF3369 /* MAL_Updater_OS_X_Prefix.pch */,
				29B97316FDCFA39411CA2CEA /* main.m */,
			);
			name = "Other Sources";
			sourceTree = "<group>";
		};
		29B97317FDCFA39411CA2CEA /* Resources */ = {
			isa = PBXGroup;
			children = (
				8D1107310486CEB800E47090 /* MAL_Updater_OS_X-Info.plist */,
				089C165CFE840E0CC02AAC07 /* InfoPlist.strings */,
				1DDD58140DA1D0A300B32029 /* MainMenu.xib */,
			);
			name = Resources;
			sourceTree = "<group>";
		};
		29B97323FDCFA39411CA2CEA /* Frameworks */ = {
			isa = PBXGroup;
			children = (
				1058C7A0FEA54F0111CA2CBB /* Linked Frameworks */,
				1058C7A2FEA54F0111CA2CBB /* Other Frameworks */,
			);
			name = Frameworks;
			sourceTree = "<group>";
		};
/* End PBXGroup section */

/* Begin PBXNativeTarget section */
		8D1107260486CEB800E47090 /* MAL Updater OS X */ = {
			isa = PBXNativeTarget;
			buildConfigurationList = C01FCF4A08A954540054247B /* Build configuration list for PBXNativeTarget "MAL Updater OS X" */;
			buildPhases = (
				8D1107290486CEB800E47090 /* Resources */,
				8D11072C0486CEB800E47090 /* Sources */,
				8D11072E0486CEB800E47090 /* Frameworks */,
				3A4C6253120DF5580032F63A /* CopyFiles */,
			);
			buildRules = (
			);
			dependencies = (
			);
			name = "MAL Updater OS X";
			productInstallPath = "$(HOME)/Applications";
			productName = "MAL Updater OS X";
			productReference = 8D1107320486CEB800E47090 /* MAL Updater OS X.app */;
			productType = "com.apple.product-type.application";
		};
/* End PBXNativeTarget section */

/* Begin PBXProject section */
		29B97313FDCFA39411CA2CEA /* Project object */ = {
			isa = PBXProject;
			buildConfigurationList = C01FCF4E08A954540054247B /* Build configuration list for PBXProject "MAL Updater OS X" */;
			compatibilityVersion = "Xcode 3.1";
			hasScannedForEncodings = 1;
			mainGroup = 29B97314FDCFA39411CA2CEA /* MAL Updater OS X */;
			projectDirPath = "";
			projectRoot = "";
			targets = (
				8D1107260486CEB800E47090 /* MAL Updater OS X */,
			);
		};
/* End PBXProject section */

/* Begin PBXResourcesBuildPhase section */
		8D1107290486CEB800E47090 /* Resources */ = {
			isa = PBXResourcesBuildPhase;
			buildActionMask = 2147483647;
			files = (
				8D11072B0486CEB800E47090 /* InfoPlist.strings in Resources */,
				1DDD58160DA1D0A300B32029 /* MainMenu.xib in Resources */,
				3A6AB333120F2A3300D51D2C /* Preferences.xib in Resources */,
			);
			runOnlyForDeploymentPostprocessing = 0;
		};
/* End PBXResourcesBuildPhase section */

/* Begin PBXSourcesBuildPhase section */
		8D11072C0486CEB800E47090 /* Sources */ = {
			isa = PBXSourcesBuildPhase;
			buildActionMask = 2147483647;
			files = (
				8D11072D0486CEB800E47090 /* main.m in Sources */,
				256AC3DA0F4B6AC300CF3369 /* MAL_Updater_OS_XAppDelegate.m in Sources */,
				3A4C61B1120DF2BB0032F63A /* ASIFormDataRequest.m in Sources */,
				3A4C61B2120DF2BB0032F63A /* ASIHTTPRequest.m in Sources */,
				3A4C61B3120DF2BB0032F63A /* ASIInputStream.m in Sources */,
				3A4C61B4120DF2BB0032F63A /* ASINetworkQueue.m in Sources */,
				3A4C61B5120DF2BB0032F63A /* ASINSStringAdditions.m in Sources */,
				3AFEF129120DF8CE0098B59D /* MyAnimeList.m in Sources */,
				3A6AB311120F292500D51D2C /* PreferenceController.m in Sources */,
				3A6AB37F120F313E00D51D2C /* Base64Category.m in Sources */,
				3A6AB38C120F327C00D51D2C /* base64.c in Sources */,
			);
			runOnlyForDeploymentPostprocessing = 0;
		};
/* End PBXSourcesBuildPhase section */

/* Begin PBXVariantGroup section */
		089C165CFE840E0CC02AAC07 /* InfoPlist.strings */ = {
			isa = PBXVariantGroup;
			children = (
				089C165DFE840E0CC02AAC07 /* English */,
			);
			name = InfoPlist.strings;
			sourceTree = "<group>";
		};
		1DDD58140DA1D0A300B32029 /* MainMenu.xib */ = {
			isa = PBXVariantGroup;
			children = (
				1DDD58150DA1D0A300B32029 /* English */,
			);
			name = MainMenu.xib;
			sourceTree = "<group>";
		};
/* End PBXVariantGroup section */

/* Begin XCBuildConfiguration section */
		C01FCF4B08A954540054247B /* Debug */ = {
			isa = XCBuildConfiguration;
			buildSettings = {
				ALWAYS_SEARCH_USER_PATHS = NO;
				COPY_PHASE_STRIP = NO;
				FRAMEWORK_SEARCH_PATHS = (
					"$(inherited)",
					"\"$(SRCROOT)/../../../Shared/tohnominagi/InstalledProducts\"",
					"\"$(SRCROOT)/../../../../Shared/tohnominagi/InstalledProducts\"",
				);
				GCC_DYNAMIC_NO_PIC = NO;
				GCC_ENABLE_FIX_AND_CONTINUE = YES;
				GCC_MODEL_TUNING = G5;
				GCC_OPTIMIZATION_LEVEL = 0;
				GCC_PRECOMPILE_PREFIX_HEADER = YES;
				GCC_PREFIX_HEADER = MAL_Updater_OS_X_Prefix.pch;
				INFOPLIST_FILE = "MAL_Updater_OS_X-Info.plist";
				INSTALL_PATH = "$(HOME)/Applications";
				PRODUCT_NAME = "MAL Updater OS X";
			};
			name = Debug;
		};
		C01FCF4C08A954540054247B /* Release */ = {
			isa = XCBuildConfiguration;
			buildSettings = {
				ALWAYS_SEARCH_USER_PATHS = NO;
				DEBUG_INFORMATION_FORMAT = "dwarf-with-dsym";
				FRAMEWORK_SEARCH_PATHS = (
					"$(inherited)",
					"\"$(SRCROOT)/../../../Shared/tohnominagi/InstalledProducts\"",
					"\"$(SRCROOT)/../../../../Shared/tohnominagi/InstalledProducts\"",
				);
				GCC_MODEL_TUNING = G5;
				GCC_PRECOMPILE_PREFIX_HEADER = YES;
				GCC_PREFIX_HEADER = MAL_Updater_OS_X_Prefix.pch;
				INFOPLIST_FILE = "MAL_Updater_OS_X-Info.plist";
				INSTALL_PATH = "$(HOME)/Applications";
				PRODUCT_NAME = "MAL Updater OS X";
			};
			name = Release;
		};
		C01FCF4F08A954540054247B /* Debug */ = {
			isa = XCBuildConfiguration;
			buildSettings = {
				ARCHS = "$(ARCHS_STANDARD_32_BIT)";
				GCC_C_LANGUAGE_STANDARD = gnu99;
				GCC_OPTIMIZATION_LEVEL = 0;
				GCC_WARN_ABOUT_RETURN_TYPE = YES;
				GCC_WARN_UNUSED_VARIABLE = YES;
				ONLY_ACTIVE_ARCH = YES;
				PREBINDING = NO;
				SDKROOT = macosx10.5;
			};
			name = Debug;
		};
		C01FCF5008A954540054247B /* Release */ = {
			isa = XCBuildConfiguration;
			buildSettings = {
				ARCHS = "$(ARCHS_STANDARD_32_BIT)";
				GCC_C_LANGUAGE_STANDARD = gnu99;
				GCC_WARN_ABOUT_RETURN_TYPE = YES;
				GCC_WARN_UNUSED_VARIABLE = YES;
				ONLY_ACTIVE_ARCH = YES;
				PREBINDING = NO;
				SDKROOT = macosx10.5;
			};
			name = Release;
		};
/* End XCBuildConfiguration section */

/* Begin XCConfigurationList section */
		C01FCF4A08A954540054247B /* Build configuration list for PBXNativeTarget "MAL Updater OS X" */ = {
			isa = XCConfigurationList;
			buildConfigurations = (
				C01FCF4B08A954540054247B /* Debug */,
				C01FCF4C08A954540054247B /* Release */,
			);
			defaultConfigurationIsVisible = 0;
			defaultConfigurationName = Release;
		};
		C01FCF4E08A954540054247B /* Build configuration list for PBXProject "MAL Updater OS X" */ = {
			isa = XCConfigurationList;
			buildConfigurations = (
				C01FCF4F08A954540054247B /* Debug */,
				C01FCF5008A954540054247B /* Release */,
			);
			defaultConfigurationIsVisible = 0;
			defaultConfigurationName = Release;
		};
/* End XCConfigurationList section */
	};
	rootObject = 29B97313FDCFA39411CA2CEA /* Project object */;
}
